<?xml version="1.0" encoding="utf-8"?>
<Project ToolsVersion="16.0" xmlns="http://schemas.microsoft.com/developer/msbuild/2003">
  <ItemGroup>
    <CustomBuild Include="C:\Users\arda\Documents\GitHub\exercises\CppND-Route-Planning-Project\build_vs\CMakeFiles\3af9439ead29cefe57f1c59c17479241\INSTALL_force.rule">
      <Filter>CMake Rules</Filter>
    </CustomBuild>
  </ItemGroup>
  <ItemGroup>
    <Filter Include="CMake Rules">
      <UniqueIdentifier>{EDB50223-C4B8-3EF4-A508-33C588CB6E5C}</UniqueIdentifier>
    </Filter>
  </ItemGroup>
</Project>
